# This file is generated by running "yarn install" inside your project.
# Manual changes might be lost - proceed with caution!

__metadata:
  version: 6
  cacheKey: 8

"@babel/generator@npm:^7.28.3":
  version: 7.28.3
  resolution: "@babel/generator@npm:7.28.3"
  dependencies:
    "@babel/parser": "npm:^7.28.3"
    "@babel/types": "npm:^7.28.2"
    "@jridgewell/gen-mapping": "npm:^0.3.12"
    "@jridgewell/trace-mapping": "npm:^0.3.28"
    jsesc: "npm:^3.0.2"
  checksum: e2202bf2b9c8a94f7e7a0a049fda0ee037d055c46922e85afa3bbc53309113f859b8193894f991045d7865226028b8f4f06152ed315ab414451932016dba5e42
  languageName: node
  linkType: hard

"@babel/helper-string-parser@npm:^7.27.1":
  version: 7.27.1
  resolution: "@babel/helper-string-parser@npm:7.27.1"
  checksum: 0a8464adc4b39b138aedcb443b09f4005d86207d7126e5e079177e05c3116107d856ec08282b365e9a79a9872f40f4092a6127f8d74c8a01c1ef789dacfc25d6
  languageName: node
  linkType: hard

"@babel/helper-validator-identifier@npm:^7.27.1":
  version: 7.27.1
  resolution: "@babel/helper-validator-identifier@npm:7.27.1"
  checksum: 3c7e8391e59d6c85baeefe9afb86432f2ab821c6232b00ea9082a51d3e7e95a2f3fb083d74dc1f49ac82cf238e1d2295dafcb001f7b0fab479f3f56af5eaaa47
  languageName: node
  linkType: hard

"@babel/parser@npm:^7.28.3, @babel/parser@npm:^7.28.4":
  version: 7.28.4
  resolution: "@babel/parser@npm:7.28.4"
  dependencies:
    "@babel/types": "npm:^7.28.4"
  bin:
    parser: ./bin/babel-parser.js
  checksum: d95e283fe1153039b396926ef567ca1ab114afb5c732a23bbcbbd0465ac59971aeb6a63f37593ce7671a52d34ec52b23008c999d68241b42d26928c540464063
  languageName: node
  linkType: hard

"@babel/types@npm:^7.28.2, @babel/types@npm:^7.28.4":
  version: 7.28.4
  resolution: "@babel/types@npm:7.28.4"
  dependencies:
    "@babel/helper-string-parser": "npm:^7.27.1"
    "@babel/helper-validator-identifier": "npm:^7.27.1"
  checksum: a369b4fb73415a2ed902a15576b49696ae9777ddee394a7a904c62e6fbb31f43906b0147ae0b8f03ac17f20c248eac093df349e33c65c94617b12e524b759694
  languageName: node
  linkType: hard

"@biomejs/biome@npm:2.2.5":
  version: 2.2.5
  resolution: "@biomejs/biome@npm:2.2.5"
  dependencies:
    "@biomejs/cli-darwin-arm64": "npm:2.2.5"
    "@biomejs/cli-darwin-x64": "npm:2.2.5"
    "@biomejs/cli-linux-arm64": "npm:2.2.5"
    "@biomejs/cli-linux-arm64-musl": "npm:2.2.5"
    "@biomejs/cli-linux-x64": "npm:2.2.5"
    "@biomejs/cli-linux-x64-musl": "npm:2.2.5"
    "@biomejs/cli-win32-arm64": "npm:2.2.5"
    "@biomejs/cli-win32-x64": "npm:2.2.5"
  dependenciesMeta:
    "@biomejs/cli-darwin-arm64":
      optional: true
    "@biomejs/cli-darwin-x64":
      optional: true
    "@biomejs/cli-linux-arm64":
      optional: true
    "@biomejs/cli-linux-arm64-musl":
      optional: true
    "@biomejs/cli-linux-x64":
      optional: true
    "@biomejs/cli-linux-x64-musl":
      optional: true
    "@biomejs/cli-win32-arm64":
      optional: true
    "@biomejs/cli-win32-x64":
      optional: true
  bin:
    biome: bin/biome
  checksum: 6d03f919a3ee099cbcb2d9e1161b598bc57c889815dcd5ce9e37ba6443dd59db62ebdf3cc56d1e18c90d5b4d6ea4d9e8a6c41003ab8eee483eb3d27d322c6615
  languageName: node
  linkType: hard

"@biomejs/cli-darwin-arm64@npm:2.2.5":
  version: 2.2.5
  resolution: "@biomejs/cli-darwin-arm64@npm:2.2.5"
  conditions: os=darwin & cpu=arm64
  languageName: node
  linkType: hard

"@biomejs/cli-darwin-x64@npm:2.2.5":
  version: 2.2.5
  resolution: "@biomejs/cli-darwin-x64@npm:2.2.5"
  conditions: os=darwin & cpu=x64
  languageName: node
  linkType: hard

"@biomejs/cli-linux-arm64-musl@npm:2.2.5":
  version: 2.2.5
  resolution: "@biomejs/cli-linux-arm64-musl@npm:2.2.5"
  conditions: os=linux & cpu=arm64 & libc=musl
  languageName: node
  linkType: hard

"@biomejs/cli-linux-arm64@npm:2.2.5":
  version: 2.2.5
  resolution: "@biomejs/cli-linux-arm64@npm:2.2.5"
  conditions: os=linux & cpu=arm64 & libc=glibc
  languageName: node
  linkType: hard

"@biomejs/cli-linux-x64-musl@npm:2.2.5":
  version: 2.2.5
  resolution: "@biomejs/cli-linux-x64-musl@npm:2.2.5"
  conditions: os=linux & cpu=x64 & libc=musl
  languageName: node
  linkType: hard

"@biomejs/cli-linux-x64@npm:2.2.5":
  version: 2.2.5
  resolution: "@biomejs/cli-linux-x64@npm:2.2.5"
  conditions: os=linux & cpu=x64 & libc=glibc
  languageName: node
  linkType: hard

"@biomejs/cli-win32-arm64@npm:2.2.5":
  version: 2.2.5
  resolution: "@biomejs/cli-win32-arm64@npm:2.2.5"
  conditions: os=win32 & cpu=arm64
  languageName: node
  linkType: hard

"@biomejs/cli-win32-x64@npm:2.2.5":
  version: 2.2.5
  resolution: "@biomejs/cli-win32-x64@npm:2.2.5"
  conditions: os=win32 & cpu=x64
  languageName: node
  linkType: hard

"@emnapi/core@npm:^1.5.0":
  version: 1.5.0
  resolution: "@emnapi/core@npm:1.5.0"
  dependencies:
    "@emnapi/wasi-threads": "npm:1.1.0"
    tslib: "npm:^2.4.0"
  checksum: 089a506a4f6a2416b9917050802c20ac76b350b1160116482c3542cf89cd707c832ca18c163ddac4e9cb1df06f02e6cd324cadc60b82aed27d51e0baca1f4b4f
  languageName: node
  linkType: hard

"@emnapi/runtime@npm:^1.5.0":
  version: 1.5.0
  resolution: "@emnapi/runtime@npm:1.5.0"
  dependencies:
    tslib: "npm:^2.4.0"
  checksum: 03b23bdc0bb72bce4d8967ca29d623c2599af18977975c10532577db2ec89a57d97d2c76c5c4bde856c7c29302b9f7af357e921c42bd952bdda206972185819a
  languageName: node
  linkType: hard

"@emnapi/wasi-threads@npm:1.1.0":
  version: 1.1.0
  resolution: "@emnapi/wasi-threads@npm:1.1.0"
  dependencies:
    tslib: "npm:^2.4.0"
  checksum: 6cffe35f3e407ae26236092991786db5968b4265e6e55f4664bf6f2ce0508e2a02a44ce6ebb16f2acd2f6589efb293f4f9d09cc9fbf80c00fc1a203accc94196
  languageName: node
  linkType: hard

"@jridgewell/gen-mapping@npm:^0.3.12":
  version: 0.3.13
  resolution: "@jridgewell/gen-mapping@npm:0.3.13"
  dependencies:
    "@jridgewell/sourcemap-codec": "npm:^1.5.0"
    "@jridgewell/trace-mapping": "npm:^0.3.24"
  checksum: f2105acefc433337145caa3c84bba286de954f61c0bc46279bbd85a9e6a02871089717fa060413cfb6a9d44189fe8313b2d1cabf3a2eb3284d208fd5f75c54ff
  languageName: node
  linkType: hard

"@jridgewell/resolve-uri@npm:^3.1.0":
  version: 3.1.2
  resolution: "@jridgewell/resolve-uri@npm:3.1.2"
  checksum: 83b85f72c59d1c080b4cbec0fef84528963a1b5db34e4370fa4bd1e3ff64a0d80e0cee7369d11d73c704e0286fb2865b530acac7a871088fbe92b5edf1000870
  languageName: node
  linkType: hard

"@jridgewell/sourcemap-codec@npm:^1.4.14, @jridgewell/sourcemap-codec@npm:^1.5.0, @jridgewell/sourcemap-codec@npm:^1.5.5":
  version: 1.5.5
  resolution: "@jridgewell/sourcemap-codec@npm:1.5.5"
  checksum: c2e36e67971f719a8a3a85ef5a5f580622437cc723c35d03ebd0c9c0b06418700ef006f58af742791f71f6a4fc68fcfaf1f6a74ec2f9a3332860e9373459dae7
  languageName: node
  linkType: hard

"@jridgewell/trace-mapping@npm:^0.3.24, @jridgewell/trace-mapping@npm:^0.3.28":
  version: 0.3.31
  resolution: "@jridgewell/trace-mapping@npm:0.3.31"
  dependencies:
    "@jridgewell/resolve-uri": "npm:^3.1.0"
    "@jridgewell/sourcemap-codec": "npm:^1.4.14"
  checksum: af8fda2431348ad507fbddf8e25f5d08c79ecc94594061ce402cf41bc5aba1a7b3e59bf0fd70a619b35f33983a3f488ceeba8faf56bff784f98bb5394a8b7d47
  languageName: node
  linkType: hard

"@napi-rs/wasm-runtime@npm:^1.0.7":
  version: 1.0.7
  resolution: "@napi-rs/wasm-runtime@npm:1.0.7"
  dependencies:
    "@emnapi/core": "npm:^1.5.0"
    "@emnapi/runtime": "npm:^1.5.0"
    "@tybys/wasm-util": "npm:^0.10.1"
  checksum: 9b59bd8b7310936ed163935befae0613dfffd563e7ff021d4f1b62b419fb0e3395f7206b17460a91db555bea6c471408f3472455e4e2ca9f5a0bff4468fa38d0
  languageName: node
  linkType: hard

"@oxc-project/types@npm:=0.95.0":
  version: 0.95.0
  resolution: "@oxc-project/types@npm:0.95.0"
  checksum: 2c1dccb59b37ba897389927ee982162151b6a92968f0ec85ba74d6a770e60be4c8b739d5e9e1ff447f906806edf1ffbead40c53dfc4a7366f0b0a8f07167b873
  languageName: node
  linkType: hard

"@quansync/fs@npm:^0.1.5":
  version: 0.1.5
  resolution: "@quansync/fs@npm:0.1.5"
  dependencies:
    quansync: "npm:^0.2.11"
  checksum: 86e34935ca67134baa2cdbd363ee9edb233057408202132758a8dbf76c1941bfe619e7d478a9a935fe1459bf53f2e6be8d519c77093b1e323297c3699f7226bd
  languageName: node
  linkType: hard

"@rolldown/binding-android-arm64@npm:1.0.0-beta.44":
  version: 1.0.0-beta.44
  resolution: "@rolldown/binding-android-arm64@npm:1.0.0-beta.44"
  conditions: os=android & cpu=arm64
  languageName: node
  linkType: hard

"@rolldown/binding-darwin-arm64@npm:1.0.0-beta.44":
  version: 1.0.0-beta.44
  resolution: "@rolldown/binding-darwin-arm64@npm:1.0.0-beta.44"
  conditions: os=darwin & cpu=arm64
  languageName: node
  linkType: hard

"@rolldown/binding-darwin-x64@npm:1.0.0-beta.44":
  version: 1.0.0-beta.44
  resolution: "@rolldown/binding-darwin-x64@npm:1.0.0-beta.44"
  conditions: os=darwin & cpu=x64
  languageName: node
  linkType: hard

"@rolldown/binding-freebsd-x64@npm:1.0.0-beta.44":
  version: 1.0.0-beta.44
  resolution: "@rolldown/binding-freebsd-x64@npm:1.0.0-beta.44"
  conditions: os=freebsd & cpu=x64
  languageName: node
  linkType: hard

"@rolldown/binding-linux-arm-gnueabihf@npm:1.0.0-beta.44":
  version: 1.0.0-beta.44
  resolution: "@rolldown/binding-linux-arm-gnueabihf@npm:1.0.0-beta.44"
  conditions: os=linux & cpu=arm
  languageName: node
  linkType: hard

"@rolldown/binding-linux-arm64-gnu@npm:1.0.0-beta.44":
  version: 1.0.0-beta.44
  resolution: "@rolldown/binding-linux-arm64-gnu@npm:1.0.0-beta.44"
  conditions: os=linux & cpu=arm64 & libc=glibc
  languageName: node
  linkType: hard

"@rolldown/binding-linux-arm64-musl@npm:1.0.0-beta.44":
  version: 1.0.0-beta.44
  resolution: "@rolldown/binding-linux-arm64-musl@npm:1.0.0-beta.44"
  conditions: os=linux & cpu=arm64 & libc=musl
  languageName: node
  linkType: hard

"@rolldown/binding-linux-x64-gnu@npm:1.0.0-beta.44":
  version: 1.0.0-beta.44
  resolution: "@rolldown/binding-linux-x64-gnu@npm:1.0.0-beta.44"
  conditions: os=linux & cpu=x64 & libc=glibc
  languageName: node
  linkType: hard

"@rolldown/binding-linux-x64-musl@npm:1.0.0-beta.44":
  version: 1.0.0-beta.44
  resolution: "@rolldown/binding-linux-x64-musl@npm:1.0.0-beta.44"
  conditions: os=linux & cpu=x64 & libc=musl
  languageName: node
  linkType: hard

"@rolldown/binding-openharmony-arm64@npm:1.0.0-beta.44":
  version: 1.0.0-beta.44
  resolution: "@rolldown/binding-openharmony-arm64@npm:1.0.0-beta.44"
  conditions: os=openharmony & cpu=arm64
  languageName: node
  linkType: hard

"@rolldown/binding-wasm32-wasi@npm:1.0.0-beta.44":
  version: 1.0.0-beta.44
  resolution: "@rolldown/binding-wasm32-wasi@npm:1.0.0-beta.44"
  dependencies:
    "@napi-rs/wasm-runtime": "npm:^1.0.7"
  conditions: cpu=wasm32
  languageName: node
  linkType: hard

"@rolldown/binding-win32-arm64-msvc@npm:1.0.0-beta.44":
  version: 1.0.0-beta.44
  resolution: "@rolldown/binding-win32-arm64-msvc@npm:1.0.0-beta.44"
  conditions: os=win32 & cpu=arm64
  languageName: node
  linkType: hard

"@rolldown/binding-win32-ia32-msvc@npm:1.0.0-beta.44":
  version: 1.0.0-beta.44
  resolution: "@rolldown/binding-win32-ia32-msvc@npm:1.0.0-beta.44"
  conditions: os=win32 & cpu=ia32
  languageName: node
  linkType: hard

"@rolldown/binding-win32-x64-msvc@npm:1.0.0-beta.44":
  version: 1.0.0-beta.44
  resolution: "@rolldown/binding-win32-x64-msvc@npm:1.0.0-beta.44"
  conditions: os=win32 & cpu=x64
  languageName: node
  linkType: hard

"@rolldown/pluginutils@npm:1.0.0-beta.44":
  version: 1.0.0-beta.44
  resolution: "@rolldown/pluginutils@npm:1.0.0-beta.44"
  checksum: 73b0e063e4d93612c8500788834ca159b902d1c2a1c6446d8d0e583f9a35bde679a807d1ae6593e927a31a4f7a560ecb3a67ae431266fef69ee9a2e0d2e05dfa
  languageName: node
  linkType: hard

"@tanstack/query-core@npm:5.90.5":
  version: 5.90.5
  resolution: "@tanstack/query-core@npm:5.90.5"
  checksum: e707343dfa96f7d062269c6ce3ebe7bf624c64ce653e40212fe124962a34be2f9787e451ea5b61c073e53bddad02503294094be19f23c4636d72626eeb40b5e2
  languageName: node
  linkType: hard

"@tanstack/react-query@npm:^5.90.5":
  version: 5.90.5
  resolution: "@tanstack/react-query@npm:5.90.5"
  dependencies:
    "@tanstack/query-core": 5.90.5
  peerDependencies:
    react: ^18 || ^19
  checksum: 4a0fce820142aa55d3918b234da7680bfd8ed9c3a0ddc6c7e3ee529728ce97dbd113fefa40a952159c42c90eda8dcedc38cd85e1b06f08b309f60909066ee9a1
  languageName: node
  linkType: hard

"@tybys/wasm-util@npm:^0.10.1":
  version: 0.10.1
  resolution: "@tybys/wasm-util@npm:0.10.1"
  dependencies:
    tslib: "npm:^2.4.0"
  checksum: b8b281ffa9cd01cb6d45a4dddca2e28fd0cb6ad67cf091ba4a73ac87c0d6bd6ce188c332c489e87c20b0750b0b6fe3b99e30e1cd2227ec16da692f51c778944e
  languageName: node
  linkType: hard

"@types/node@npm:^24.6.2":
  version: 24.9.0
  resolution: "@types/node@npm:24.9.0"
  dependencies:
    undici-types: "npm:~7.16.0"
  checksum: fa81b84322426eca7bdb1f1137bc697b57179385ac4359f7f37b41fbc89a3f642494cd4d306d39f4a1edfb7cba3bc5ec44997dd1084eae821b078ab7e529ec78
  languageName: node
  linkType: hard

"@types/vscode@npm:^1.104.0":
  version: 1.105.0
  resolution: "@types/vscode@npm:1.105.0"
  checksum: bbe05eec580af0ce5b3260341c3ab2e2e58b4aeb85a9eac8c16267ded6535d66e10f4642ae5e3f006f2919fafc9f3e76e4eb88d462d6019a10b21c84c39b4840
  languageName: node
  linkType: hard

"@webview-rpc/client@workspace:*, @webview-rpc/client@workspace:packages/client":
  version: 0.0.0-use.local
  resolution: "@webview-rpc/client@workspace:packages/client"
  dependencies:
    "@webview-rpc/shared": "workspace:*"
  languageName: unknown
  linkType: soft

"@webview-rpc/host@workspace:packages/host":
  version: 0.0.0-use.local
  resolution: "@webview-rpc/host@workspace:packages/host"
  dependencies:
    "@webview-rpc/shared": "workspace:*"
    zod: ^4.1.11
  languageName: unknown
  linkType: soft

"@webview-rpc/react-query@workspace:packages/react-query":
  version: 0.0.0-use.local
  resolution: "@webview-rpc/react-query@workspace:packages/react-query"
  dependencies:
    "@tanstack/react-query": ^5.90.5
    "@webview-rpc/client": "workspace:*"
    "@webview-rpc/shared": "workspace:*"
    react: ^19.2.0
    zod: ^4.1.11
  languageName: unknown
  linkType: soft

"@webview-rpc/shared@workspace:*, @webview-rpc/shared@workspace:packages/shared":
  version: 0.0.0-use.local
  resolution: "@webview-rpc/shared@workspace:packages/shared"
  dependencies:
    zod: ^4.1.11
  languageName: unknown
  linkType: soft

"ansis@npm:^4.2.0":
  version: 4.2.0
  resolution: "ansis@npm:4.2.0"
  checksum: 120ae01f40b690bdd30eb84185531a7a8c0d45ebb869334199dcb6089e85be61e70861e726144bc688d2848515c42da98e98c1c4f509a53904894c70bdf11ddd
  languageName: node
  linkType: hard

"ast-kit@npm:^2.1.3":
  version: 2.1.3
  resolution: "ast-kit@npm:2.1.3"
  dependencies:
    "@babel/parser": "npm:^7.28.4"
    pathe: "npm:^2.0.3"
  checksum: ec398144010a3c078bd79e020329eb37569205b703da535ccffa49d9a7b7d95c0478e689ce4117dbf1785f48e6cacf65288967a47daa5f00ad445bc150ec16dd
  languageName: node
  linkType: hard

"birpc@npm:^2.6.1":
  version: 2.6.1
  resolution: "birpc@npm:2.6.1"
  checksum: a444cece6fad908819c64e97d88e66b416a33a4de6f8e7304e9108bf42496751beb31153e3a907d8ffce2d30a295e24ae2539c5ce0807a1a2e6070b6f1f7d7bb
  languageName: node
  linkType: hard

"cac@npm:^6.7.14":
  version: 6.7.14
  resolution: "cac@npm:6.7.14"
  checksum: 45a2496a9443abbe7f52a49b22fbe51b1905eff46e03fd5e6c98e3f85077be3f8949685a1849b1a9cd2bc3e5567dfebcf64f01ce01847baf918f1b37c839791a
  languageName: node
  linkType: hard

"chokidar@npm:^4.0.3":
  version: 4.0.3
  resolution: "chokidar@npm:4.0.3"
  dependencies:
    readdirp: "npm:^4.0.1"
  checksum: a8765e452bbafd04f3f2fad79f04222dd65f43161488bb6014a41099e6ca18d166af613d59a90771908c1c823efa3f46ba36b86ac50b701c20c1b9908c5fe36e
  languageName: node
  linkType: hard

"debug@npm:^4.4.3":
  version: 4.4.3
  resolution: "debug@npm:4.4.3"
  dependencies:
    ms: "npm:^2.1.3"
  peerDependenciesMeta:
    supports-color:
      optional: true
  checksum: 4805abd570e601acdca85b6aa3757186084a45cff9b2fa6eee1f3b173caa776b45f478b2a71a572d616d2010cea9211d0ac4a02a610e4c18ac4324bde3760834
  languageName: node
  linkType: hard

"defu@npm:^6.1.4":
  version: 6.1.4
  resolution: "defu@npm:6.1.4"
  checksum: 40e3af6338f195ac1564f53d1887fa2d0429ac7e8c081204bc4d29191180059d3952b5f4e08fe5df8d59eb873aa26e9c88b56d4fac699673d4a372c93620b229
  languageName: node
  linkType: hard

"diff@npm:^8.0.2":
  version: 8.0.2
  resolution: "diff@npm:8.0.2"
  checksum: 0d5556beff9aa688117ef79b1c88eb663df9959bc59946122330932c01e8db5529f914dcc87bf00fd1fecbca75731e6be7c8fabe1e34e10d6557e0536b7c856c
  languageName: node
  linkType: hard

"dts-resolver@npm:^2.1.2":
  version: 2.1.2
  resolution: "dts-resolver@npm:2.1.2"
  peerDependencies:
    oxc-resolver: ">=11.0.0"
  peerDependenciesMeta:
    oxc-resolver:
      optional: true
  checksum: fc2630383503731ad863acb051df62acc204c7c995dd12708661a664e5ae295e65b573104b07d20dd4a170adc7ddc67e971028caba3dcb6e199c9c15e7f95944
  languageName: node
  linkType: hard

"empathic@npm:^2.0.0":
  version: 2.0.0
  resolution: "empathic@npm:2.0.0"
  checksum: 90f47d93f8d1db3aa00ce1bfae2940bf76379dbb34bd562edbd92c3564a173cb1d6bd3cadb645fad0224839c25886abde801155d9b972dda6add7a5cc8b35d48
  languageName: node
  linkType: hard

"fdir@npm:^6.5.0":
  version: 6.5.0
  resolution: "fdir@npm:6.5.0"
  peerDependencies:
    picomatch: ^3 || ^4
  peerDependenciesMeta:
    picomatch:
      optional: true
  checksum: bd537daa9d3cd53887eed35efa0eab2dbb1ca408790e10e024120e7a36c6e9ae2b33710cb8381e35def01bc9c1d7eaba746f886338413e68ff6ebaee07b9a6e8
  languageName: node
  linkType: hard

"get-tsconfig@npm:^4.12.0":
  version: 4.12.0
  resolution: "get-tsconfig@npm:4.12.0"
  dependencies:
    resolve-pkg-maps: "npm:^1.0.0"
  checksum: 5a7f9f8f787473bc6cc337c77689d97c52c01e175b12b7d1f9d0d92e632de6f0fc046144009a49996438ae4feef98940867e16a16d67f1d1144e053e20efaac2
  languageName: node
  linkType: hard

"hookable@npm:^5.5.3":
  version: 5.5.3
  resolution: "hookable@npm:5.5.3"
  checksum: df659977888398649b6ef8c4470719e7e8384a1d939a6587e332e86fd55b3881806e2f8aaebaabdb4f218f74b83b98f2110e143df225e16d62a39dc271e7e288
  languageName: node
  linkType: hard

"jiti@npm:^2.5.1":
  version: 2.6.1
  resolution: "jiti@npm:2.6.1"
  bin:
    jiti: lib/jiti-cli.mjs
  checksum: 9394e29c5e40d1ca8267923160d8d86706173c9ff30c901097883434b0c4866de2c060427b6a9a5843bb3e42fa3a3c8b5b2228531d3dd4f4f10c5c6af355bb86
  languageName: node
  linkType: hard

"jsesc@npm:^3.0.2":
  version: 3.1.0
  resolution: "jsesc@npm:3.1.0"
  bin:
    jsesc: bin/jsesc
  checksum: 19c94095ea026725540c0d29da33ab03144f6bcf2d4159e4833d534976e99e0c09c38cefa9a575279a51fc36b31166f8d6d05c9fe2645d5f15851d690b41f17f
  languageName: node
  linkType: hard

"magic-string@npm:^0.30.19":
  version: 0.30.19
  resolution: "magic-string@npm:0.30.19"
  dependencies:
    "@jridgewell/sourcemap-codec": "npm:^1.5.5"
  checksum: f360b87febeceddb35238e55963b70ef68381688c1aada6d842833a7be440a08cb0a8776e23b5e4e34785edc6b42b92dc08c829f43ecdb58547122f3fd79fdc7
  languageName: node
  linkType: hard

"ms@npm:^2.1.3":
  version: 2.1.3
  resolution: "ms@npm:2.1.3"
  checksum: aa92de608021b242401676e35cfa5aa42dd70cbdc082b916da7fb925c542173e36bce97ea3e804923fe92c0ad991434e4a38327e15a1b5b5f945d66df615ae6d
  languageName: node
  linkType: hard

"pathe@npm:^2.0.3":
  version: 2.0.3
  resolution: "pathe@npm:2.0.3"
  checksum: 0602bdd4acb54d91044e0c56f1fb63467ae7d44ab3afea1f797947b0eb2b4d1d91cf0d58d065fdb0a8ab0c4acbbd8d3a5b424983eaf10dd5285d37a16f6e3ee9
  languageName: node
  linkType: hard

"picomatch@npm:^4.0.3":
  version: 4.0.3
  resolution: "picomatch@npm:4.0.3"
  checksum: 6817fb74eb745a71445debe1029768de55fd59a42b75606f478ee1d0dc1aa6e78b711d041a7c9d5550e042642029b7f373dc1a43b224c4b7f12d23436735dba0
  languageName: node
  linkType: hard

"quansync@npm:^0.2.11":
  version: 0.2.11
  resolution: "quansync@npm:0.2.11"
  checksum: af484ed433f752c092d278232f68a6643e2cf0193f95ec60c84245e1f3662ef64da90f8fb1bc57dd407362ff181f246a9304ba53725dd7122f45c4a839f85a61
  languageName: node
  linkType: hard

"react@npm:^19.2.0":
  version: 19.2.0
  resolution: "react@npm:19.2.0"
  checksum: 33dd01bf699e1c5040eb249e0f552519adf7ee90b98c49d702a50bf23af6852ea46023a5f7f93966ab10acd7a45428fa0f193c686ecdaa7a75a03886e53ec3fe
  languageName: node
  linkType: hard

"readdirp@npm:^4.0.1":
  version: 4.1.2
  resolution: "readdirp@npm:4.1.2"
  checksum: 3242ee125422cb7c0e12d51452e993f507e6ed3d8c490bc8bf3366c5cdd09167562224e429b13e9cb2b98d4b8b2b11dc100d3c73883aa92d657ade5a21ded004
  languageName: node
  linkType: hard

"resolve-pkg-maps@npm:^1.0.0":
  version: 1.0.0
  resolution: "resolve-pkg-maps@npm:1.0.0"
  checksum: 1012afc566b3fdb190a6309cc37ef3b2dcc35dff5fa6683a9d00cd25c3247edfbc4691b91078c97adc82a29b77a2660c30d791d65dab4fc78bfc473f60289977
  languageName: node
  linkType: hard

"rolldown-plugin-dts@npm:^0.16.12":
  version: 0.16.12
  resolution: "rolldown-plugin-dts@npm:0.16.12"
  dependencies:
    "@babel/generator": "npm:^7.28.3"
    "@babel/parser": "npm:^7.28.4"
    "@babel/types": "npm:^7.28.4"
    ast-kit: "npm:^2.1.3"
    birpc: "npm:^2.6.1"
    debug: "npm:^4.4.3"
    dts-resolver: "npm:^2.1.2"
    get-tsconfig: "npm:^4.12.0"
    magic-string: "npm:^0.30.19"
  peerDependencies:
    "@ts-macro/tsc": ^0.3.6
    "@typescript/native-preview": ">=7.0.0-dev.20250601.1"
    rolldown: ^1.0.0-beta.9
    typescript: ^5.0.0
    vue-tsc: ~3.1.0
  peerDependenciesMeta:
    "@ts-macro/tsc":
      optional: true
    "@typescript/native-preview":
      optional: true
    typescript:
      optional: true
    vue-tsc:
      optional: true
  checksum: 56e7972b0191dd19d238da3716fd0b915b1b4fa4110f1b63cb4376bed5170e5a59970d13742e82f9f789b8eb83664bc4e5d4326d06b65f653c4a0c4acb2071b7
  languageName: node
  linkType: hard

"rolldown@npm:1.0.0-beta.44":
  version: 1.0.0-beta.44
  resolution: "rolldown@npm:1.0.0-beta.44"
  dependencies:
    "@oxc-project/types": "npm:=0.95.0"
    "@rolldown/binding-android-arm64": "npm:1.0.0-beta.44"
    "@rolldown/binding-darwin-arm64": "npm:1.0.0-beta.44"
    "@rolldown/binding-darwin-x64": "npm:1.0.0-beta.44"
    "@rolldown/binding-freebsd-x64": "npm:1.0.0-beta.44"
    "@rolldown/binding-linux-arm-gnueabihf": "npm:1.0.0-beta.44"
    "@rolldown/binding-linux-arm64-gnu": "npm:1.0.0-beta.44"
    "@rolldown/binding-linux-arm64-musl": "npm:1.0.0-beta.44"
    "@rolldown/binding-linux-x64-gnu": "npm:1.0.0-beta.44"
    "@rolldown/binding-linux-x64-musl": "npm:1.0.0-beta.44"
    "@rolldown/binding-openharmony-arm64": "npm:1.0.0-beta.44"
    "@rolldown/binding-wasm32-wasi": "npm:1.0.0-beta.44"
    "@rolldown/binding-win32-arm64-msvc": "npm:1.0.0-beta.44"
    "@rolldown/binding-win32-ia32-msvc": "npm:1.0.0-beta.44"
    "@rolldown/binding-win32-x64-msvc": "npm:1.0.0-beta.44"
    "@rolldown/pluginutils": "npm:1.0.0-beta.44"
  dependenciesMeta:
    "@rolldown/binding-android-arm64":
      optional: true
    "@rolldown/binding-darwin-arm64":
      optional: true
    "@rolldown/binding-darwin-x64":
      optional: true
    "@rolldown/binding-freebsd-x64":
      optional: true
    "@rolldown/binding-linux-arm-gnueabihf":
      optional: true
    "@rolldown/binding-linux-arm64-gnu":
      optional: true
    "@rolldown/binding-linux-arm64-musl":
      optional: true
    "@rolldown/binding-linux-x64-gnu":
      optional: true
    "@rolldown/binding-linux-x64-musl":
      optional: true
    "@rolldown/binding-openharmony-arm64":
      optional: true
    "@rolldown/binding-wasm32-wasi":
      optional: true
    "@rolldown/binding-win32-arm64-msvc":
      optional: true
    "@rolldown/binding-win32-ia32-msvc":
      optional: true
    "@rolldown/binding-win32-x64-msvc":
      optional: true
  bin:
    rolldown: bin/cli.mjs
  checksum: f6c125f5ffa845f6faefd7b0f4a5ad77f6880c14424216ed2c3d15c0139c4bf2c7972bde9e155d4f742ff7afdea869a7f4c4e5d60ef389a567e3e30fbdaa89f1
  languageName: node
  linkType: hard

"semver@npm:^7.7.3":
  version: 7.7.3
  resolution: "semver@npm:7.7.3"
  bin:
    semver: bin/semver.js
  checksum: f013a3ee4607857bcd3503b6ac1d80165f7f8ea94f5d55e2d3e33df82fce487aa3313b987abf9b39e0793c83c9fc67b76c36c067625141a9f6f704ae0ea18db2
  languageName: node
  linkType: hard

"tinyexec@npm:^1.0.1":
  version: 1.0.1
  resolution: "tinyexec@npm:1.0.1"
  checksum: 40f5219abf891884863b085ebe5e8c8bf95bde802f6480f279588b355835ad1604fa01eada2afe90063b48b53cd4b0be5c37393980e23f06fd10689d92fb9586
  languageName: node
  linkType: hard

"tinyglobby@npm:^0.2.15":
  version: 0.2.15
  resolution: "tinyglobby@npm:0.2.15"
  dependencies:
    fdir: "npm:^6.5.0"
    picomatch: "npm:^4.0.3"
  checksum: 0e33b8babff966c6ab86e9b825a350a6a98a63700fa0bb7ae6cf36a7770a508892383adc272f7f9d17aaf46a9d622b455e775b9949a3f951eaaf5dfb26331d44
  languageName: node
  linkType: hard

"tree-kill@npm:^1.2.2":
  version: 1.2.2
  resolution: "tree-kill@npm:1.2.2"
  bin:
    tree-kill: cli.js
  checksum: 49117f5f410d19c84b0464d29afb9642c863bc5ba40fcb9a245d474c6d5cc64d1b177a6e6713129eb346b40aebb9d4631d967517f9fbe8251c35b21b13cd96c7
  languageName: node
  linkType: hard

"tsdown@npm:^0.15.9":
  version: 0.15.9
  resolution: "tsdown@npm:0.15.9"
  dependencies:
    ansis: "npm:^4.2.0"
    cac: "npm:^6.7.14"
    chokidar: "npm:^4.0.3"
    debug: "npm:^4.4.3"
    diff: "npm:^8.0.2"
    empathic: "npm:^2.0.0"
    hookable: "npm:^5.5.3"
    rolldown: "npm:1.0.0-beta.44"
    rolldown-plugin-dts: "npm:^0.16.12"
    semver: "npm:^7.7.3"
    tinyexec: "npm:^1.0.1"
    tinyglobby: "npm:^0.2.15"
    tree-kill: "npm:^1.2.2"
    unconfig: "npm:^7.3.3"
  peerDependencies:
    "@arethetypeswrong/core": ^0.18.1
    publint: ^0.3.0
    typescript: ^5.0.0
    unplugin-lightningcss: ^0.4.0
    unplugin-unused: ^0.5.0
  peerDependenciesMeta:
    "@arethetypeswrong/core":
      optional: true
    publint:
      optional: true
    typescript:
      optional: true
    unplugin-lightningcss:
      optional: true
    unplugin-unused:
      optional: true
  bin:
    tsdown: dist/run.mjs
  checksum: be06b36212767788272f6f3146c66676168531489bbd38681d809f1b5f0ec2a976287a7d8161c2f35f7fd63e5c35cf24a72a565884079fed02b0fb6d368d55d4
  languageName: node
  linkType: hard

"tslib@npm:^2.4.0":
  version: 2.8.1
  resolution: "tslib@npm:2.8.1"
  checksum: e4aba30e632b8c8902b47587fd13345e2827fa639e7c3121074d5ee0880723282411a8838f830b55100cbe4517672f84a2472667d355b81e8af165a55dc6203a
  languageName: node
  linkType: hard

"typescript@npm:^5.9.3":
  version: 5.9.3
  resolution: "typescript@npm:5.9.3"
  bin:
    tsc: bin/tsc
    tsserver: bin/tsserver
  checksum: 0d0ffb84f2cd072c3e164c79a2e5a1a1f4f168e84cb2882ff8967b92afe1def6c2a91f6838fb58b168428f9458c57a2ba06a6737711fdd87a256bbe83e9a217f
  languageName: node
  linkType: hard

"typescript@patch:typescript@^5.9.3#~builtin<compat/typescript>":
  version: 5.9.3
  resolution: "typescript@patch:typescript@npm%3A5.9.3#~builtin<compat/typescript>::version=5.9.3&hash=5786d5"
  bin:
    tsc: bin/tsc
    tsserver: bin/tsserver
  checksum: a5a6dc399d3761ded54192031f11d3ad5df8001c7febe3fbbc8098efcb552cdf8f2f402b3618c56dafcd04fef63dee005f4900f608e185404caedc46480539ed
  languageName: node
  linkType: hard

"unconfig@npm:^7.3.3":
  version: 7.3.3
  resolution: "unconfig@npm:7.3.3"
  dependencies:
    "@quansync/fs": "npm:^0.1.5"
    defu: "npm:^6.1.4"
    jiti: "npm:^2.5.1"
    quansync: "npm:^0.2.11"
  checksum: 02fb76c99365c63690773ce1a55bef5ad5c02bc71b7945f25ab1c6381fa3692ce537c00f480bd06fb9ddd54eca4bc75c09e523341bb6303ee18bc2b5c5b187ee
  languageName: node
  linkType: hard

"undici-types@npm:~7.16.0":
  version: 7.16.0
  resolution: "undici-types@npm:7.16.0"
  checksum: 1ef68fc6c5bad200c8b6f17de8e5bc5cfdcadc164ba8d7208cd087cfa8583d922d8316a7fd76c9a658c22b4123d3ff847429185094484fbc65377d695c905857
  languageName: node
  linkType: hard

"webview-rpc@workspace:.":
  version: 0.0.0-use.local
  resolution: "webview-rpc@workspace:."
  dependencies:
    "@biomejs/biome": 2.2.5
    "@types/node": ^24.6.2
    "@types/vscode": ^1.104.0
    tsdown: ^0.15.9
    typescript: ^5.9.3
  languageName: unknown
  linkType: soft

"zod@npm:^4.1.11":
  version: 4.1.12
  resolution: "zod@npm:4.1.12"
  checksum: 91174acc7d2ca5572ad522643474ddd60640cf6877b5d76e5d583eb25e3c4072c6f5eb92ab94f231ec5ce61c6acdfc3e0166de45fb1005b1ea54986b026b765f
  languageName: node
  linkType: hard
